github.com/hugo-toha/toha v2.2.0+incompatible h1:ShOuW7zaf8DijxrkNMwWQGTVE7AfJqjzwnIGpdXsUhI=
github.com/hugo-toha/toha v2.2.0+incompatible/go.mod h1:qWc5eabCahf5IiVbsO6n0TTZ1eN93x6/sepETqKESk0=
github.com/hugo-toha/toha/v4 v4.0.0-20230127171959-e5fcc95e8b8d h1:k1rDTBgP+PHukGcuuZTHdR3NgdfPkTrrwClG0ehm44Y=
github.com/hugo-toha/toha/v4 v4.0.0-20230127171959-e5fcc95e8b8d/go.mod h1:p/K34lqlqmhzfPd4cx66od7sjlROBqhMxG30mJz+aKQ=
